
Microsoft Visual Studio Solution File, Format Version 12.00
# Visual Studio 14
VisualStudioVersion = 14.0.24720.0
MinimumVisualStudioVersion = 10.0.40219.1
Project("{FAE04EC0-301F-11D3-BF4B-00C04F79EFBC}") = "FahrtenbuchDB", "FahrtenbuchDB\FahrtenbuchDB.csproj", "{4F146A2C-7A92-4971-B7C6-6FBC1CA0FC6D}"
EndProject
Project("{FAE04EC0-301F-11D3-BF4B-00C04F79EFBC}") = "FahrtenbuchTest", "FahrtenbuchTest\FahrtenbuchTest.csproj", "{500C6AEB-EF67-4F88-8152-46380E28B116}"
EndProject
Global
	GlobalSection(SolutionConfigurationPlatforms) = preSolution
		Debug|Any CPU = Debug|Any CPU
		Release|Any CPU = Release|Any CPU
	EndGlobalSection
	GlobalSection(ProjectConfigurationPlatforms) = postSolution
		{4F146A2C-7A92-4971-B7C6-6FBC1CA0FC6D}.Debug|Any CPU.ActiveCfg = Debug|Any CPU
		{4F146A2C-7A92-4971-B7C6-6FBC1CA0FC6D}.Debug|Any CPU.Build.0 = Debug|Any CPU
		{4F146A2C-7A92-4971-B7C6-6FBC1CA0FC6D}.Release|Any CPU.ActiveCfg = Release|Any CPU
		{4F146A2C-7A92-4971-B7C6-6FBC1CA0FC6D}.Release|Any CPU.Build.0 = Release|Any CPU
		{500C6AEB-EF67-4F88-8152-46380E28B116}.Debug|Any CPU.ActiveCfg = Debug|Any CPU
		{500C6AEB-EF67-4F88-8152-46380E28B116}.Debug|Any CPU.Build.0 = Debug|Any CPU
		{500C6AEB-EF67-4F88-8152-46380E28B116}.Release|Any CPU.ActiveCfg = Release|Any CPU
		{500C6AEB-EF67-4F88-8152-46380E28B116}.Release|Any CPU.Build.0 = Release|Any CPU
	EndGlobalSection
	GlobalSection(SolutionProperties) = preSolution
		HideSolutionNode = FALSE
	EndGlobalSection
EndGlobal
